
Microsoft Visual Studio Solution File, Format Version 12.00
# Visual Studio Version 16
VisualStudioVersion = 16.0.31911.196
MinimumVisualStudioVersion = 10.0.40219.1
Project("{FAE04EC0-301F-11D3-BF4B-00C04F79EFBC}") = "restaurantProject", "restaurantProject\restaurantProject.csproj", "{6F71083D-1C53-4328-84A5-FB6682A1DCFF}"
EndProject
Global
	GlobalSection(SolutionConfigurationPlatforms) = preSolution
		Debug|Any CPU = Debug|Any CPU
		Release|Any CPU = Release|Any CPU
	EndGlobalSection
	GlobalSection(ProjectConfigurationPlatforms) = postSolution
		{6F71083D-1C53-4328-84A5-FB6682A1DCFF}.Debug|Any CPU.ActiveCfg = Debug|Any CPU
		{6F71083D-1C53-4328-84A5-FB6682A1DCFF}.Debug|Any CPU.Build.0 = Debug|Any CPU
		{6F71083D-1C53-4328-84A5-FB6682A1DCFF}.Release|Any CPU.ActiveCfg = Release|Any CPU
		{6F71083D-1C53-4328-84A5-FB6682A1DCFF}.Release|Any CPU.Build.0 = Release|Any CPU
	EndGlobalSection
	GlobalSection(SolutionProperties) = preSolution
		HideSolutionNode = FALSE
	EndGlobalSection
	GlobalSection(ExtensibilityGlobals) = postSolution
		SolutionGuid = {411586A1-67F8-4D0C-AEE5-885D8B9A84E3}
	EndGlobalSection
EndGlobal
